
Microsoft Visual Studio Solution File, Format Version 12.00
# Visual Studio Version 16
VisualStudioVersion = 16.0.32106.194
MinimumVisualStudioVersion = 10.0.40219.1
Project("{FAE04EC0-301F-11D3-BF4B-00C04F79EFBC}") = "StudentsManagementapi", "StudentsManagementapi\StudentsManagementapi.csproj", "{8DFFD92F-D74F-4573-A03E-992CB2256549}"
EndProject
Global
	GlobalSection(SolutionConfigurationPlatforms) = preSolution
		Debug|Any CPU = Debug|Any CPU
		Release|Any CPU = Release|Any CPU
	EndGlobalSection
	GlobalSection(ProjectConfigurationPlatforms) = postSolution
		{8DFFD92F-D74F-4573-A03E-992CB2256549}.Debug|Any CPU.ActiveCfg = Debug|Any CPU
		{8DFFD92F-D74F-4573-A03E-992CB2256549}.Debug|Any CPU.Build.0 = Debug|Any CPU
		{8DFFD92F-D74F-4573-A03E-992CB2256549}.Release|Any CPU.ActiveCfg = Release|Any CPU
		{8DFFD92F-D74F-4573-A03E-992CB2256549}.Release|Any CPU.Build.0 = Release|Any CPU
	EndGlobalSection
	GlobalSection(SolutionProperties) = preSolution
		HideSolutionNode = FALSE
	EndGlobalSection
	GlobalSection(ExtensibilityGlobals) = postSolution
		SolutionGuid = {EB6E7024-B245-48FB-96DB-8674BFAC9C1B}
	EndGlobalSection
EndGlobal
